
Microsoft Visual Studio Solution File, Format Version 12.00
# Visual Studio 15
VisualStudioVersion = 15.0.28307.1622
MinimumVisualStudioVersion = 10.0.40219.1
Project("{9A19103F-16F7-4668-BE54-9A1E7A4F7556}") = "MaxPathSumOrthogonalTriangle", "ConsoleApp1\MaxPathSumOrthogonalTriangle.csproj", "{B861D95B-5BF3-498D-971D-2A00B4049946}"
EndProject
Global
	GlobalSection(SolutionConfigurationPlatforms) = preSolution
		Debug|Any CPU = Debug|Any CPU
		Release|Any CPU = Release|Any CPU
	EndGlobalSection
	GlobalSection(ProjectConfigurationPlatforms) = postSolution
		{B861D95B-5BF3-498D-971D-2A00B4049946}.Debug|Any CPU.ActiveCfg = Debug|Any CPU
		{B861D95B-5BF3-498D-971D-2A00B4049946}.Debug|Any CPU.Build.0 = Debug|Any CPU
		{B861D95B-5BF3-498D-971D-2A00B4049946}.Release|Any CPU.ActiveCfg = Release|Any CPU
		{B861D95B-5BF3-498D-971D-2A00B4049946}.Release|Any CPU.Build.0 = Release|Any CPU
	EndGlobalSection
	GlobalSection(SolutionProperties) = preSolution
		HideSolutionNode = FALSE
	EndGlobalSection
	GlobalSection(ExtensibilityGlobals) = postSolution
		SolutionGuid = {9758B420-0B6C-4936-8612-4C5CA7DF8EFF}
	EndGlobalSection
EndGlobal
